
Microsoft Visual Studio Solution File, Format Version 12.00
# Visual Studio Version 16
VisualStudioVersion = 16.0.29609.76
MinimumVisualStudioVersion = 10.0.40219.1
Project("{FAE04EC0-301F-11D3-BF4B-00C04F79EFBC}") = "Robobo", "Robobo\Robobo.csproj", "{FD186042-9F33-433C-8BF0-5B47FFA0D01E}"
EndProject
Global
	GlobalSection(SolutionConfigurationPlatforms) = preSolution
		Debug|Any CPU = Debug|Any CPU
		Release|Any CPU = Release|Any CPU
	EndGlobalSection
	GlobalSection(ProjectConfigurationPlatforms) = postSolution
		{FD186042-9F33-433C-8BF0-5B47FFA0D01E}.Debug|Any CPU.ActiveCfg = Debug|Any CPU
		{FD186042-9F33-433C-8BF0-5B47FFA0D01E}.Debug|Any CPU.Build.0 = Debug|Any CPU
		{FD186042-9F33-433C-8BF0-5B47FFA0D01E}.Release|Any CPU.ActiveCfg = Release|Any CPU
		{FD186042-9F33-433C-8BF0-5B47FFA0D01E}.Release|Any CPU.Build.0 = Release|Any CPU
	EndGlobalSection
	GlobalSection(SolutionProperties) = preSolution
		HideSolutionNode = FALSE
	EndGlobalSection
	GlobalSection(ExtensibilityGlobals) = postSolution
		SolutionGuid = {04A4A922-2ACD-450B-A7B3-2008FBD9CEF0}
	EndGlobalSection
EndGlobal
